// !$*UTF8*$!
{
	archiveVersion = 1;
	classes = {
	};
	objectVersion = 55;
	objects = {

/* Begin PBXBuildFile section */
		6BC7180EE18ABF93549D9F5D /* amplifyconfiguration.json in Resources */ = {isa = PBXBuildFile; fileRef = 0A49E9CBA285C21CCCFD1701 /* amplifyconfiguration.json */; };
		9835E106291A5D4100EB816C /* NetworkManager.swift in Sources */ = {isa = PBXBuildFile; fileRef = 9835E105291A5D4100EB816C /* NetworkManager.swift */; };
		9835E109291A5D5100EB816C /* MainViewModel.swift in Sources */ = {isa = PBXBuildFile; fileRef = 9835E108291A5D5100EB816C /* MainViewModel.swift */; };
		9835E110291A63A200EB816C /* URL+.swift in Sources */ = {isa = PBXBuildFile; fileRef = 9835E10F291A63A200EB816C /* URL+.swift */; };
		9891C7E5280EDF62002746C4 /* Address.swift in Sources */ = {isa = PBXBuildFile; fileRef = 9891C7E4280EDF62002746C4 /* Address.swift */; };
		9891C7E7280EE24E002746C4 /* TimeResponse.swift in Sources */ = {isa = PBXBuildFile; fileRef = 9891C7E6280EE24E002746C4 /* TimeResponse.swift */; };
		98BC2CD4280B059A00067CF8 /* AppDelegate.swift in Sources */ = {isa = PBXBuildFile; fileRef = 98BC2CD3280B059A00067CF8 /* AppDelegate.swift */; };
		98BC2CD6280B059A00067CF8 /* SceneDelegate.swift in Sources */ = {isa = PBXBuildFile; fileRef = 98BC2CD5280B059A00067CF8 /* SceneDelegate.swift */; };
		98BC2CD8280B059A00067CF8 /* MainViewController.swift in Sources */ = {isa = PBXBuildFile; fileRef = 98BC2CD7280B059A00067CF8 /* MainViewController.swift */; };
		98BC2CDB280B059A00067CF8 /* Main.storyboard in Resources */ = {isa = PBXBuildFile; fileRef = 98BC2CD9280B059A00067CF8 /* Main.storyboard */; };
		98BC2CDD280B059C00067CF8 /* Assets.xcassets in Resources */ = {isa = PBXBuildFile; fileRef = 98BC2CDC280B059C00067CF8 /* Assets.xcassets */; };
		98BC2CE0280B059C00067CF8 /* LaunchScreen.storyboard in Resources */ = {isa = PBXBuildFile; fileRef = 98BC2CDE280B059C00067CF8 /* LaunchScreen.storyboard */; };
		98BC2CE9280B066700067CF8 /* LightCompressor in Frameworks */ = {isa = PBXBuildFile; productRef = 98BC2CE8280B066700067CF8 /* LightCompressor */; };
		98BC2CEC280B114B00067CF8 /* AWSCognitoAuthPlugin in Frameworks */ = {isa = PBXBuildFile; productRef = 98BC2CEB280B114B00067CF8 /* AWSCognitoAuthPlugin */; };
		98BC2CEE280B114B00067CF8 /* AWSS3StoragePlugin in Frameworks */ = {isa = PBXBuildFile; productRef = 98BC2CED280B114B00067CF8 /* AWSS3StoragePlugin */; };
		98BC2CF0280B114B00067CF8 /* Amplify in Frameworks */ = {isa = PBXBuildFile; productRef = 98BC2CEF280B114B00067CF8 /* Amplify */; };
		A0615D8B50453E50036EC566 /* awsconfiguration.json in Resources */ = {isa = PBXBuildFile; fileRef = C6B77ED71439DF54A71A660A /* awsconfiguration.json */; };
/* End PBXBuildFile section */

/* Begin PBXFileReference section */
		0A49E9CBA285C21CCCFD1701 /* amplifyconfiguration.json */ = {isa = PBXFileReference; explicitFileType = text.json; path = amplifyconfiguration.json; sourceTree = "<group>"; };
		9835E105291A5D4100EB816C /* NetworkManager.swift */ = {isa = PBXFileReference; lastKnownFileType = sourcecode.swift; path = NetworkManager.swift; sourceTree = "<group>"; };
		9835E108291A5D5100EB816C /* MainViewModel.swift */ = {isa = PBXFileReference; lastKnownFileType = sourcecode.swift; path = MainViewModel.swift; sourceTree = "<group>"; };
		9835E10F291A63A200EB816C /* URL+.swift */ = {isa = PBXFileReference; lastKnownFileType = sourcecode.swift; path = "URL+.swift"; sourceTree = "<group>"; };
		9891C7E4280EDF62002746C4 /* Address.swift */ = {isa = PBXFileReference; lastKnownFileType = sourcecode.swift; path = Address.swift; sourceTree = "<group>"; };
		9891C7E6280EE24E002746C4 /* TimeResponse.swift */ = {isa = PBXFileReference; lastKnownFileType = sourcecode.swift; path = TimeResponse.swift; sourceTree = "<group>"; };
		98BC2CD0280B059A00067CF8 /* Highlighter.app */ = {isa = PBXFileReference; explicitFileType = wrapper.application; includeInIndex = 0; path = Highlighter.app; sourceTree = BUILT_PRODUCTS_DIR; };
		98BC2CD3280B059A00067CF8 /* AppDelegate.swift */ = {isa = PBXFileReference; lastKnownFileType = sourcecode.swift; path = AppDelegate.swift; sourceTree = "<group>"; };
		98BC2CD5280B059A00067CF8 /* SceneDelegate.swift */ = {isa = PBXFileReference; lastKnownFileType = sourcecode.swift; path = SceneDelegate.swift; sourceTree = "<group>"; };
		98BC2CD7280B059A00067CF8 /* MainViewController.swift */ = {isa = PBXFileReference; lastKnownFileType = sourcecode.swift; path = MainViewController.swift; sourceTree = "<group>"; };
		98BC2CDA280B059A00067CF8 /* Base */ = {isa = PBXFileReference; lastKnownFileType = file.storyboard; name = Base; path = Base.lproj/Main.storyboard; sourceTree = "<group>"; };
		98BC2CDC280B059C00067CF8 /* Assets.xcassets */ = {isa = PBXFileReference; lastKnownFileType = folder.assetcatalog; path = Assets.xcassets; sourceTree = "<group>"; };
		98BC2CDF280B059C00067CF8 /* Base */ = {isa = PBXFileReference; lastKnownFileType = file.storyboard; name = Base; path = Base.lproj/LaunchScreen.storyboard; sourceTree = "<group>"; };
		98BC2CE1280B059C00067CF8 /* Info.plist */ = {isa = PBXFileReference; lastKnownFileType = text.plist.xml; path = Info.plist; sourceTree = "<group>"; };
		C6B77ED71439DF54A71A660A /* awsconfiguration.json */ = {isa = PBXFileReference; explicitFileType = text.json; path = awsconfiguration.json; sourceTree = "<group>"; };
/* End PBXFileReference section */

/* Begin PBXFrameworksBuildPhase section */
		98BC2CCD280B059A00067CF8 /* Frameworks */ = {
			isa = PBXFrameworksBuildPhase;
			buildActionMask = 2147483647;
			files = (
				98BC2CE9280B066700067CF8 /* LightCompressor in Frameworks */,
				98BC2CF0280B114B00067CF8 /* Amplify in Frameworks */,
				98BC2CEC280B114B00067CF8 /* AWSCognitoAuthPlugin in Frameworks */,
				98BC2CEE280B114B00067CF8 /* AWSS3StoragePlugin in Frameworks */,
			);
			runOnlyForDeploymentPostprocessing = 0;
		};
/* End PBXFrameworksBuildPhase section */

/* Begin PBXGroup section */
		9835E107291A5D4700EB816C /* Views */ = {
			isa = PBXGroup;
			children = (
				98BC2CD7280B059A00067CF8 /* MainViewController.swift */,
			);
			path = Views;
			sourceTree = "<group>";
		};
		9835E10A291A5D5800EB816C /* ViewModels */ = {
			isa = PBXGroup;
			children = (
				9835E108291A5D5100EB816C /* MainViewModel.swift */,
			);
			path = ViewModels;
			sourceTree = "<group>";
		};
		9835E10B291A5E8E00EB816C /* Utility */ = {
			isa = PBXGroup;
			children = (
				9835E105291A5D4100EB816C /* NetworkManager.swift */,
			);
			path = Utility;
			sourceTree = "<group>";
		};
		9835E10C291A5EA300EB816C /* Extensions */ = {
			isa = PBXGroup;
			children = (
				9835E10F291A63A200EB816C /* URL+.swift */,
			);
			path = Extensions;
			sourceTree = "<group>";
		};
		9835E10E291A5F8400EB816C /* Constants */ = {
			isa = PBXGroup;
			children = (
				9891C7E4280EDF62002746C4 /* Address.swift */,
			);
			path = Constants;
			sourceTree = "<group>";
		};
		9835E111291A764100EB816C /* Models */ = {
			isa = PBXGroup;
			children = (
				9891C7E6280EE24E002746C4 /* TimeResponse.swift */,
			);
			path = Models;
			sourceTree = "<group>";
		};
		98BC2CC7280B059A00067CF8 = {
			isa = PBXGroup;
			children = (
				98BC2CD2280B059A00067CF8 /* Highlighter */,
				98BC2CD1280B059A00067CF8 /* Products */,
				C0392A430BB53F5E29C1999F /* AmplifyConfig */,
			);
			sourceTree = "<group>";
		};
		98BC2CD1280B059A00067CF8 /* Products */ = {
			isa = PBXGroup;
			children = (
				98BC2CD0280B059A00067CF8 /* Highlighter.app */,
			);
			name = Products;
			sourceTree = "<group>";
		};
		98BC2CD2280B059A00067CF8 /* Highlighter */ = {
			isa = PBXGroup;
			children = (
				98BC2CD3280B059A00067CF8 /* AppDelegate.swift */,
				98BC2CD5280B059A00067CF8 /* SceneDelegate.swift */,
				98BC2CD9280B059A00067CF8 /* Main.storyboard */,
				9835E111291A764100EB816C /* Models */,
				9835E10A291A5D5800EB816C /* ViewModels */,
				9835E107291A5D4700EB816C /* Views */,
				9835E10B291A5E8E00EB816C /* Utility */,
				9835E10C291A5EA300EB816C /* Extensions */,
				9835E10E291A5F8400EB816C /* Constants */,
				98BC2CDC280B059C00067CF8 /* Assets.xcassets */,
				98BC2CDE280B059C00067CF8 /* LaunchScreen.storyboard */,
				98BC2CE1280B059C00067CF8 /* Info.plist */,
			);
			path = Highlighter;
			sourceTree = "<group>";
		};
		C0392A430BB53F5E29C1999F /* AmplifyConfig */ = {
			isa = PBXGroup;
			children = (
				C6B77ED71439DF54A71A660A /* awsconfiguration.json */,
				0A49E9CBA285C21CCCFD1701 /* amplifyconfiguration.json */,
			);
			name = AmplifyConfig;
			sourceTree = "<group>";
		};
/* End PBXGroup section */

/* Begin PBXNativeTarget section */
		98BC2CCF280B059A00067CF8 /* Highlighter */ = {
			isa = PBXNativeTarget;
			buildConfigurationList = 98BC2CE4280B059C00067CF8 /* Build configuration list for PBXNativeTarget "Highlighter" */;
			buildPhases = (
				98BC2CCC280B059A00067CF8 /* Sources */,
				98BC2CCD280B059A00067CF8 /* Frameworks */,
				98BC2CCE280B059A00067CF8 /* Resources */,
			);
			buildRules = (
			);
			dependencies = (
			);
			name = Highlighter;
			packageProductDependencies = (
				98BC2CE8280B066700067CF8 /* LightCompressor */,
				98BC2CEB280B114B00067CF8 /* AWSCognitoAuthPlugin */,
				98BC2CED280B114B00067CF8 /* AWSS3StoragePlugin */,
				98BC2CEF280B114B00067CF8 /* Amplify */,
			);
			productName = Highlighter;
			productReference = 98BC2CD0280B059A00067CF8 /* Highlighter.app */;
			productType = "com.apple.product-type.application";
		};
/* End PBXNativeTarget section */

/* Begin PBXProject section */
		98BC2CC8280B059A00067CF8 /* Project object */ = {
			isa = PBXProject;
			attributes = {
				BuildIndependentTargetsInParallel = 1;
				LastSwiftUpdateCheck = 1330;
				LastUpgradeCheck = 1330;
				TargetAttributes = {
					98BC2CCF280B059A00067CF8 = {
						CreatedOnToolsVersion = 13.3;
					};
				};
			};
			buildConfigurationList = 98BC2CCB280B059A00067CF8 /* Build configuration list for PBXProject "Highlighter" */;
			compatibilityVersion = "Xcode 13.0";
			developmentRegion = en;
			hasScannedForEncodings = 0;
			knownRegions = (
				en,
				Base,
			);
			mainGroup = 98BC2CC7280B059A00067CF8;
			packageReferences = (
				98BC2CE7280B066700067CF8 /* XCRemoteSwiftPackageReference "LightCompressor_iOS" */,
				98BC2CEA280B114B00067CF8 /* XCRemoteSwiftPackageReference "amplify-ios" */,
			);
			productRefGroup = 98BC2CD1280B059A00067CF8 /* Products */;
			projectDirPath = "";
			projectRoot = "";
			targets = (
				98BC2CCF280B059A00067CF8 /* Highlighter */,
			);
		};
/* End PBXProject section */

/* Begin PBXResourcesBuildPhase section */
		98BC2CCE280B059A00067CF8 /* Resources */ = {
			isa = PBXResourcesBuildPhase;
			buildActionMask = 2147483647;
			files = (
				98BC2CE0280B059C00067CF8 /* LaunchScreen.storyboard in Resources */,
				98BC2CDD280B059C00067CF8 /* Assets.xcassets in Resources */,
				98BC2CDB280B059A00067CF8 /* Main.storyboard in Resources */,
				A0615D8B50453E50036EC566 /* awsconfiguration.json in Resources */,
				6BC7180EE18ABF93549D9F5D /* amplifyconfiguration.json in Resources */,
			);
			runOnlyForDeploymentPostprocessing = 0;
		};
/* End PBXResourcesBuildPhase section */

/* Begin PBXSourcesBuildPhase section */
		98BC2CCC280B059A00067CF8 /* Sources */ = {
			isa = PBXSourcesBuildPhase;
			buildActionMask = 2147483647;
			files = (
				9835E109291A5D5100EB816C /* MainViewModel.swift in Sources */,
				9835E106291A5D4100EB816C /* NetworkManager.swift in Sources */,
				9891C7E5280EDF62002746C4 /* Address.swift in Sources */,
				9835E110291A63A200EB816C /* URL+.swift in Sources */,
				98BC2CD8280B059A00067CF8 /* MainViewController.swift in Sources */,
				9891C7E7280EE24E002746C4 /* TimeResponse.swift in Sources */,
				98BC2CD4280B059A00067CF8 /* AppDelegate.swift in Sources */,
				98BC2CD6280B059A00067CF8 /* SceneDelegate.swift in Sources */,
			);
			runOnlyForDeploymentPostprocessing = 0;
		};
/* End PBXSourcesBuildPhase section */

/* Begin PBXVariantGroup section */
		98BC2CD9280B059A00067CF8 /* Main.storyboard */ = {
			isa = PBXVariantGroup;
			children = (
				98BC2CDA280B059A00067CF8 /* Base */,
			);
			name = Main.storyboard;
			sourceTree = "<group>";
		};
		98BC2CDE280B059C00067CF8 /* LaunchScreen.storyboard */ = {
			isa = PBXVariantGroup;
			children = (
				98BC2CDF280B059C00067CF8 /* Base */,
			);
			name = LaunchScreen.storyboard;
			sourceTree = "<group>";
		};
/* End PBXVariantGroup section */

/* Begin XCBuildConfiguration section */
		98BC2CE2280B059C00067CF8 /* Debug */ = {
			isa = XCBuildConfiguration;
			buildSettings = {
				ALWAYS_SEARCH_USER_PATHS = NO;
				CLANG_ANALYZER_NONNULL = YES;
				CLANG_ANALYZER_NUMBER_OBJECT_CONVERSION = YES_AGGRESSIVE;
				CLANG_CXX_LANGUAGE_STANDARD = "gnu++17";
				CLANG_ENABLE_MODULES = YES;
				CLANG_ENABLE_OBJC_ARC = YES;
				CLANG_ENABLE_OBJC_WEAK = YES;
				CLANG_WARN_BLOCK_CAPTURE_AUTORELEASING = YES;
				CLANG_WARN_BOOL_CONVERSION = YES;
				CLANG_WARN_COMMA = YES;
				CLANG_WARN_CONSTANT_CONVERSION = YES;
				CLANG_WARN_DEPRECATED_OBJC_IMPLEMENTATIONS = YES;
				CLANG_WARN_DIRECT_OBJC_ISA_USAGE = YES_ERROR;
				CLANG_WARN_DOCUMENTATION_COMMENTS = YES;
				CLANG_WARN_EMPTY_BODY = YES;
				CLANG_WARN_ENUM_CONVERSION = YES;
				CLANG_WARN_INFINITE_RECURSION = YES;
				CLANG_WARN_INT_CONVERSION = YES;
				CLANG_WARN_NON_LITERAL_NULL_CONVERSION = YES;
				CLANG_WARN_OBJC_IMPLICIT_RETAIN_SELF = YES;
				CLANG_WARN_OBJC_LITERAL_CONVERSION = YES;
				CLANG_WARN_OBJC_ROOT_CLASS = YES_ERROR;
				CLANG_WARN_QUOTED_INCLUDE_IN_FRAMEWORK_HEADER = YES;
				CLANG_WARN_RANGE_LOOP_ANALYSIS = YES;
				CLANG_WARN_STRICT_PROTOTYPES = YES;
				CLANG_WARN_SUSPICIOUS_MOVE = YES;
				CLANG_WARN_UNGUARDED_AVAILABILITY = YES_AGGRESSIVE;
				CLANG_WARN_UNREACHABLE_CODE = YES;
				CLANG_WARN__DUPLICATE_METHOD_MATCH = YES;
				COPY_PHASE_STRIP = NO;
				DEBUG_INFORMATION_FORMAT = dwarf;
				ENABLE_STRICT_OBJC_MSGSEND = YES;
				ENABLE_TESTABILITY = YES;
				GCC_C_LANGUAGE_STANDARD = gnu11;
				GCC_DYNAMIC_NO_PIC = NO;
				GCC_NO_COMMON_BLOCKS = YES;
				GCC_OPTIMIZATION_LEVEL = 0;
				GCC_PREPROCESSOR_DEFINITIONS = (
					"DEBUG=1",
					"$(inherited)",
				);
				GCC_WARN_64_TO_32_BIT_CONVERSION = YES;
				GCC_WARN_ABOUT_RETURN_TYPE = YES_ERROR;
				GCC_WARN_UNDECLARED_SELECTOR = YES;
				GCC_WARN_UNINITIALIZED_AUTOS = YES_AGGRESSIVE;
				GCC_WARN_UNUSED_FUNCTION = YES;
				GCC_WARN_UNUSED_VARIABLE = YES;
				IPHONEOS_DEPLOYMENT_TARGET = 15.4;
				MTL_ENABLE_DEBUG_INFO = INCLUDE_SOURCE;
				MTL_FAST_MATH = YES;
				ONLY_ACTIVE_ARCH = YES;
				SDKROOT = iphoneos;
				SWIFT_ACTIVE_COMPILATION_CONDITIONS = DEBUG;
				SWIFT_OPTIMIZATION_LEVEL = "-Onone";
			};
			name = Debug;
		};
		98BC2CE3280B059C00067CF8 /* Release */ = {
			isa = XCBuildConfiguration;
			buildSettings = {
				ALWAYS_SEARCH_USER_PATHS = NO;
				CLANG_ANALYZER_NONNULL = YES;
				CLANG_ANALYZER_NUMBER_OBJECT_CONVERSION = YES_AGGRESSIVE;
				CLANG_CXX_LANGUAGE_STANDARD = "gnu++17";
				CLANG_ENABLE_MODULES = YES;
				CLANG_ENABLE_OBJC_ARC = YES;
				CLANG_ENABLE_OBJC_WEAK = YES;
				CLANG_WARN_BLOCK_CAPTURE_AUTORELEASING = YES;
				CLANG_WARN_BOOL_CONVERSION = YES;
				CLANG_WARN_COMMA = YES;
				CLANG_WARN_CONSTANT_CONVERSION = YES;
				CLANG_WARN_DEPRECATED_OBJC_IMPLEMENTATIONS = YES;
				CLANG_WARN_DIRECT_OBJC_ISA_USAGE = YES_ERROR;
				CLANG_WARN_DOCUMENTATION_COMMENTS = YES;
				CLANG_WARN_EMPTY_BODY = YES;
				CLANG_WARN_ENUM_CONVERSION = YES;
				CLANG_WARN_INFINITE_RECURSION = YES;
				CLANG_WARN_INT_CONVERSION = YES;
				CLANG_WARN_NON_LITERAL_NULL_CONVERSION = YES;
				CLANG_WARN_OBJC_IMPLICIT_RETAIN_SELF = YES;
				CLANG_WARN_OBJC_LITERAL_CONVERSION = YES;
				CLANG_WARN_OBJC_ROOT_CLASS = YES_ERROR;
				CLANG_WARN_QUOTED_INCLUDE_IN_FRAMEWORK_HEADER = YES;
				CLANG_WARN_RANGE_LOOP_ANALYSIS = YES;
				CLANG_WARN_STRICT_PROTOTYPES = YES;
				CLANG_WARN_SUSPICIOUS_MOVE = YES;
				CLANG_WARN_UNGUARDED_AVAILABILITY = YES_AGGRESSIVE;
				CLANG_WARN_UNREACHABLE_CODE = YES;
				CLANG_WARN__DUPLICATE_METHOD_MATCH = YES;
				COPY_PHASE_STRIP = NO;
				DEBUG_INFORMATION_FORMAT = "dwarf-with-dsym";
				ENABLE_NS_ASSERTIONS = NO;
				ENABLE_STRICT_OBJC_MSGSEND = YES;
				GCC_C_LANGUAGE_STANDARD = gnu11;
				GCC_NO_COMMON_BLOCKS = YES;
				GCC_WARN_64_TO_32_BIT_CONVERSION = YES;
				GCC_WARN_ABOUT_RETURN_TYPE = YES_ERROR;
				GCC_WARN_UNDECLARED_SELECTOR = YES;
				GCC_WARN_UNINITIALIZED_AUTOS = YES_AGGRESSIVE;
				GCC_WARN_UNUSED_FUNCTION = YES;
				GCC_WARN_UNUSED_VARIABLE = YES;
				IPHONEOS_DEPLOYMENT_TARGET = 15.4;
				MTL_ENABLE_DEBUG_INFO = NO;
				MTL_FAST_MATH = YES;
				SDKROOT = iphoneos;
				SWIFT_COMPILATION_MODE = wholemodule;
				SWIFT_OPTIMIZATION_LEVEL = "-O";
				VALIDATE_PRODUCT = YES;
			};
			name = Release;
		};
		98BC2CE5280B059C00067CF8 /* Debug */ = {
			isa = XCBuildConfiguration;
			buildSettings = {
				ASSETCATALOG_COMPILER_APPICON_NAME = AppIcon;
				ASSETCATALOG_COMPILER_GLOBAL_ACCENT_COLOR_NAME = AccentColor;
				CODE_SIGN_STYLE = Automatic;
				CURRENT_PROJECT_VERSION = 1;
				DEVELOPMENT_TEAM = PN5JFN8NYT;
				GENERATE_INFOPLIST_FILE = YES;
				INFOPLIST_FILE = Highlighter/Info.plist;
				INFOPLIST_KEY_NSPhotoLibraryUsageDescription = "Highlighter library Usage";
				INFOPLIST_KEY_UIApplicationSupportsIndirectInputEvents = YES;
				INFOPLIST_KEY_UILaunchStoryboardName = LaunchScreen;
				INFOPLIST_KEY_UIMainStoryboardFile = Main;
				INFOPLIST_KEY_UISupportedInterfaceOrientations_iPad = "UIInterfaceOrientationPortrait UIInterfaceOrientationPortraitUpsideDown UIInterfaceOrientationLandscapeLeft UIInterfaceOrientationLandscapeRight";
				INFOPLIST_KEY_UISupportedInterfaceOrientations_iPhone = "UIInterfaceOrientationPortrait UIInterfaceOrientationLandscapeLeft UIInterfaceOrientationLandscapeRight";
				LD_RUNPATH_SEARCH_PATHS = (
					"$(inherited)",
					"@executable_path/Frameworks",
				);
				MARKETING_VERSION = 1.0;
				PRODUCT_BUNDLE_IDENTIFIER = yoonjong.Highlighter;
				PRODUCT_NAME = "$(TARGET_NAME)";
				SWIFT_EMIT_LOC_STRINGS = YES;
				SWIFT_VERSION = 5.0;
				TARGETED_DEVICE_FAMILY = "1,2";
			};
			name = Debug;
		};
		98BC2CE6280B059C00067CF8 /* Release */ = {
			isa = XCBuildConfiguration;
			buildSettings = {
				ASSETCATALOG_COMPILER_APPICON_NAME = AppIcon;
				ASSETCATALOG_COMPILER_GLOBAL_ACCENT_COLOR_NAME = AccentColor;
				CODE_SIGN_STYLE = Automatic;
				CURRENT_PROJECT_VERSION = 1;
				DEVELOPMENT_TEAM = PN5JFN8NYT;
				GENERATE_INFOPLIST_FILE = YES;
				INFOPLIST_FILE = Highlighter/Info.plist;
				INFOPLIST_KEY_NSPhotoLibraryUsageDescription = "Highlighter library Usage";
				INFOPLIST_KEY_UIApplicationSupportsIndirectInputEvents = YES;
				INFOPLIST_KEY_UILaunchStoryboardName = LaunchScreen;
				INFOPLIST_KEY_UIMainStoryboardFile = Main;
				INFOPLIST_KEY_UISupportedInterfaceOrientations_iPad = "UIInterfaceOrientationPortrait UIInterfaceOrientationPortraitUpsideDown UIInterfaceOrientationLandscapeLeft UIInterfaceOrientationLandscapeRight";
				INFOPLIST_KEY_UISupportedInterfaceOrientations_iPhone = "UIInterfaceOrientationPortrait UIInterfaceOrientationLandscapeLeft UIInterfaceOrientationLandscapeRight";
				LD_RUNPATH_SEARCH_PATHS = (
					"$(inherited)",
					"@executable_path/Frameworks",
				);
				MARKETING_VERSION = 1.0;
				PRODUCT_BUNDLE_IDENTIFIER = yoonjong.Highlighter;
				PRODUCT_NAME = "$(TARGET_NAME)";
				SWIFT_EMIT_LOC_STRINGS = YES;
				SWIFT_VERSION = 5.0;
				TARGETED_DEVICE_FAMILY = "1,2";
			};
			name = Release;
		};
/* End XCBuildConfiguration section */

/* Begin XCConfigurationList section */
		98BC2CCB280B059A00067CF8 /* Build configuration list for PBXProject "Highlighter" */ = {
			isa = XCConfigurationList;
			buildConfigurations = (
				98BC2CE2280B059C00067CF8 /* Debug */,
				98BC2CE3280B059C00067CF8 /* Release */,
			);
			defaultConfigurationIsVisible = 0;
			defaultConfigurationName = Release;
		};
		98BC2CE4280B059C00067CF8 /* Build configuration list for PBXNativeTarget "Highlighter" */ = {
			isa = XCConfigurationList;
			buildConfigurations = (
				98BC2CE5280B059C00067CF8 /* Debug */,
				98BC2CE6280B059C00067CF8 /* Release */,
			);
			defaultConfigurationIsVisible = 0;
			defaultConfigurationName = Release;
		};
/* End XCConfigurationList section */

/* Begin XCRemoteSwiftPackageReference section */
		98BC2CE7280B066700067CF8 /* XCRemoteSwiftPackageReference "LightCompressor_iOS" */ = {
			isa = XCRemoteSwiftPackageReference;
			repositoryURL = "https://github.com/AbedElazizShe/LightCompressor_iOS";
			requirement = {
				kind = upToNextMajorVersion;
				minimumVersion = 0.1.9;
			};
		};
		98BC2CEA280B114B00067CF8 /* XCRemoteSwiftPackageReference "amplify-ios" */ = {
			isa = XCRemoteSwiftPackageReference;
			repositoryURL = "https://github.com/aws-amplify/amplify-ios";
			requirement = {
				kind = upToNextMajorVersion;
				minimumVersion = 1.0.0;
			};
		};
/* End XCRemoteSwiftPackageReference section */

/* Begin XCSwiftPackageProductDependency section */
		98BC2CE8280B066700067CF8 /* LightCompressor */ = {
			isa = XCSwiftPackageProductDependency;
			package = 98BC2CE7280B066700067CF8 /* XCRemoteSwiftPackageReference "LightCompressor_iOS" */;
			productName = LightCompressor;
		};
		98BC2CEB280B114B00067CF8 /* AWSCognitoAuthPlugin */ = {
			isa = XCSwiftPackageProductDependency;
			package = 98BC2CEA280B114B00067CF8 /* XCRemoteSwiftPackageReference "amplify-ios" */;
			productName = AWSCognitoAuthPlugin;
		};
		98BC2CED280B114B00067CF8 /* AWSS3StoragePlugin */ = {
			isa = XCSwiftPackageProductDependency;
			package = 98BC2CEA280B114B00067CF8 /* XCRemoteSwiftPackageReference "amplify-ios" */;
			productName = AWSS3StoragePlugin;
		};
		98BC2CEF280B114B00067CF8 /* Amplify */ = {
			isa = XCSwiftPackageProductDependency;
			package = 98BC2CEA280B114B00067CF8 /* XCRemoteSwiftPackageReference "amplify-ios" */;
			productName = Amplify;
		};
/* End XCSwiftPackageProductDependency section */
	};
	rootObject = 98BC2CC8280B059A00067CF8 /* Project object */;
}
